
Microsoft Visual Studio Solution File, Format Version 12.00
# Visual Studio 15
VisualStudioVersion = 15.0.28306.52
MinimumVisualStudioVersion = 10.0.40219.1
Project("{FAE04EC0-301F-11D3-BF4B-00C04F79EFBC}") = "videoplayer", "videoplayer\videoplayer.csproj", "{0B50BC6B-536A-4EF8-B703-E43CF6F961B7}"
EndProject
Global
	GlobalSection(SolutionConfigurationPlatforms) = preSolution
		Debug|Any CPU = Debug|Any CPU
		Release|Any CPU = Release|Any CPU
	EndGlobalSection
	GlobalSection(ProjectConfigurationPlatforms) = postSolution
		{0B50BC6B-536A-4EF8-B703-E43CF6F961B7}.Debug|Any CPU.ActiveCfg = Debug|Any CPU
		{0B50BC6B-536A-4EF8-B703-E43CF6F961B7}.Debug|Any CPU.Build.0 = Debug|Any CPU
		{0B50BC6B-536A-4EF8-B703-E43CF6F961B7}.Release|Any CPU.ActiveCfg = Release|Any CPU
		{0B50BC6B-536A-4EF8-B703-E43CF6F961B7}.Release|Any CPU.Build.0 = Release|Any CPU
	EndGlobalSection
	GlobalSection(SolutionProperties) = preSolution
		HideSolutionNode = FALSE
	EndGlobalSection
	GlobalSection(ExtensibilityGlobals) = postSolution
		SolutionGuid = {440C3310-34FD-4BD2-AE48-43294642B89F}
	EndGlobalSection
EndGlobal
