
Microsoft Visual Studio Solution File, Format Version 12.00
# Visual Studio Version 16
VisualStudioVersion = 16.0.28902.138
MinimumVisualStudioVersion = 10.0.40219.1
Project("{FAE04EC0-301F-11D3-BF4B-00C04F79EFBC}") = "BcpaTbIй so-per", "BcpaTbIй so-per\BcpaTbIй so-per.csproj", "{2580D851-6092-45D4-BDAB-5DFA6025024E}"
EndProject
Global
	GlobalSection(SolutionConfigurationPlatforms) = preSolution
		Debug|Any CPU = Debug|Any CPU
		Release|Any CPU = Release|Any CPU
	EndGlobalSection
	GlobalSection(ProjectConfigurationPlatforms) = postSolution
		{2580D851-6092-45D4-BDAB-5DFA6025024E}.Debug|Any CPU.ActiveCfg = Debug|Any CPU
		{2580D851-6092-45D4-BDAB-5DFA6025024E}.Debug|Any CPU.Build.0 = Debug|Any CPU
		{2580D851-6092-45D4-BDAB-5DFA6025024E}.Release|Any CPU.ActiveCfg = Release|Any CPU
		{2580D851-6092-45D4-BDAB-5DFA6025024E}.Release|Any CPU.Build.0 = Release|Any CPU
	EndGlobalSection
	GlobalSection(SolutionProperties) = preSolution
		HideSolutionNode = FALSE
	EndGlobalSection
	GlobalSection(ExtensibilityGlobals) = postSolution
		SolutionGuid = {8F5BF04A-4D43-4DD3-BB8B-9B63A50E405D}
	EndGlobalSection
EndGlobal
